<?xml version="1.0" encoding="utf-8"?>
<Project ToolsVersion="4.0" xmlns="http://schemas.microsoft.com/developer/msbuild/2003">
  <ItemGroup>
    <Filter Include="Source Files">
      <UniqueIdentifier>{4FC737F1-C7A5-4376-A066-2A32D752A2FF}</UniqueIdentifier>
      <Extensions>cpp;c;cc;cxx;c++;cppm;ixx;def;odl;idl;hpj;bat;asm;asmx</Extensions>
    </Filter>
    <Filter Include="Header Files">
      <UniqueIdentifier>{93995380-89BD-4b04-88EB-625FBE52EBFB}</UniqueIdentifier>
      <Extensions>h;hh;hpp;hxx;h++;hm;inl;inc;ipp;xsd</Extensions>
    </Filter>
    <Filter Include="Resource Files">
      <UniqueIdentifier>{67DA6AB6-F800-4c08-8B7A-83BB121AAD01}</UniqueIdentifier>
      <Extensions>rc;ico;cur;bmp;dlg;rc2;rct;bin;rgs;gif;jpg;jpeg;jpe;resx;tiff;tif;png;wav;mfcribbon-ms</Extensions>
    </Filter>
  </ItemGroup>
  <ItemGroup>
    <ClCompile Include="Controller\Commands\Command.cpp">
      <Filter>Source Files</Filter>
    </ClCompile>
    <ClCompile Include="Controller\Commands\DirCommand.cpp">
      <Filter>Source Files</Filter>
    </ClCompile>
    <ClCompile Include="Controller\Commands\DisplayCommand.cpp">
      <Filter>Source Files</Filter>
    </ClCompile>
    <ClCompile Include="Controller\Commands\DisplaySolutionCommand.cpp">
      <Filter>Source Files</Filter>
    </ClCompile>
    <ClCompile Include="Controller\Commands\FileSizeCommand.cpp">
      <Filter>Source Files</Filter>
    </ClCompile>
    <ClCompile Include="Controller\Commands\GenerateMazeCommand.cpp">
      <Filter>Source Files</Filter>
    </ClCompile>
    <ClCompile Include="Controller\Commands\LoadMazeCommand.cpp">
      <Filter>Source Files</Filter>
    </ClCompile>
    <ClCompile Include="Controller\Commands\MazeSizeCommand.cpp">
      <Filter>Source Files</Filter>
    </ClCompile>
    <ClCompile Include="Controller\Commands\SaveMazeCommand.cpp">
      <Filter>Source Files</Filter>
    </ClCompile>
    <ClCompile Include="Controller\Commands\SolveMazeCommand.cpp">
      <Filter>Source Files</Filter>
    </ClCompile>
    <ClCompile Include="Controller\Solving Algorithms\AStar.cpp">
      <Filter>Source Files</Filter>
    </ClCompile>
    <ClCompile Include="Controller\Solving Algorithms\BFS.cpp">
      <Filter>Source Files</Filter>
    </ClCompile>
    <ClCompile Include="Controller\Controller.cpp">
      <Filter>Source Files</Filter>
    </ClCompile>
    <ClCompile Include="Controller\MazeFileManager.cpp">
      <Filter>Source Files</Filter>
    </ClCompile>
    <ClCompile Include="Model\AbstractMaze2dGenerator.cpp">
      <Filter>Source Files</Filter>
    </ClCompile>
    <ClCompile Include="Model\AbstractSearchable.cpp">
      <Filter>Source Files</Filter>
    </ClCompile>
    <ClCompile Include="Model\AbstractSearcher.cpp">
      <Filter>Source Files</Filter>
    </ClCompile>
    <ClCompile Include="Model\Maze2d.cpp">
      <Filter>Source Files</Filter>
    </ClCompile>
    <ClCompile Include="Model\Maze2dGenerator.cpp">
      <Filter>Source Files</Filter>
    </ClCompile>
    <ClCompile Include="Model\MazeCompression.cpp">
      <Filter>Source Files</Filter>
    </ClCompile>
    <ClCompile Include="Model\MazeStorage.cpp">
      <Filter>Source Files</Filter>
    </ClCompile>
    <ClCompile Include="Model\MyMaze2dGenerator.cpp">
      <Filter>Source Files</Filter>
    </ClCompile>
    <ClCompile Include="Model\SimpleMaze2dGenerator.cpp">
      <Filter>Source Files</Filter>
    </ClCompile>
    <ClCompile Include="Model\SolutionStorage.cpp">
      <Filter>Source Files</Filter>
    </ClCompile>
    <ClCompile Include="Main.cpp">
      <Filter>Source Files</Filter>
    </ClCompile>
    <ClCompile Include="View\CLI.cpp">
      <Filter>Source Files</Filter>
    </ClCompile>
    <ClCompile Include="View\CLIView.cpp">
      <Filter>Source Files</Filter>
    </ClCompile>
  </ItemGroup>
  <ItemGroup>
    <ClInclude Include="Controller\Commands\Command.h">
      <Filter>Header Files</Filter>
    </ClInclude>
    <ClInclude Include="Controller\Commands\DirCommand.h">
      <Filter>Header Files</Filter>
    </ClInclude>
    <ClInclude Include="Controller\Commands\DisplayCommand.h">
      <Filter>Header Files</Filter>
    </ClInclude>
    <ClInclude Include="Controller\Commands\DisplaySolutionCommand.h">
      <Filter>Header Files</Filter>
    </ClInclude>
    <ClInclude Include="Controller\Commands\FileSizeCommand.h">
      <Filter>Header Files</Filter>
    </ClInclude>
    <ClInclude Include="Controller\Commands\GenerateMazeCommand.h">
      <Filter>Header Files</Filter>
    </ClInclude>
    <ClInclude Include="Controller\Commands\LoadMazeCommand.h">
      <Filter>Header Files</Filter>
    </ClInclude>
    <ClInclude Include="Controller\Commands\MazeSizeCommand.h">
      <Filter>Header Files</Filter>
    </ClInclude>
    <ClInclude Include="Controller\Commands\SaveMazeCommand.h">
      <Filter>Header Files</Filter>
    </ClInclude>
    <ClInclude Include="Controller\Commands\SolveMazeCommand.h">
      <Filter>Header Files</Filter>
    </ClInclude>
    <ClInclude Include="Controller\Solving Algorithms\AStar.h">
      <Filter>Header Files</Filter>
    </ClInclude>
    <ClInclude Include="Controller\Solving Algorithms\BFS.h">
      <Filter>Header Files</Filter>
    </ClInclude>
    <ClInclude Include="Controller\Controller.h">
      <Filter>Header Files</Filter>
    </ClInclude>
    <ClInclude Include="Controller\MazeFileManager.h">
      <Filter>Header Files</Filter>
    </ClInclude>
    <ClInclude Include="Model\AbstractMaze2dGenerator.h">
      <Filter>Header Files</Filter>
    </ClInclude>
    <ClInclude Include="Model\AbstractSearchable.h">
      <Filter>Header Files</Filter>
    </ClInclude>
    <ClInclude Include="Model\AbstractSearcher.h">
      <Filter>Header Files</Filter>
    </ClInclude>
    <ClInclude Include="Model\Maze2d.h">
      <Filter>Header Files</Filter>
    </ClInclude>
    <ClInclude Include="Model\Maze2dGenerator.h">
      <Filter>Header Files</Filter>
    </ClInclude>
    <ClInclude Include="Model\MazeCompression.h">
      <Filter>Header Files</Filter>
    </ClInclude>
    <ClInclude Include="Model\MazeStorage.h">
      <Filter>Header Files</Filter>
    </ClInclude>
    <ClInclude Include="Model\MyMaze2dGenerator.h">
      <Filter>Header Files</Filter>
    </ClInclude>
    <ClInclude Include="Model\SimpleMaze2dGenerator.h">
      <Filter>Header Files</Filter>
    </ClInclude>
    <ClInclude Include="Model\SolutionStorage.h">
      <Filter>Header Files</Filter>
    </ClInclude>
    <ClInclude Include="View\CLI.h">
      <Filter>Header Files</Filter>
    </ClInclude>
    <ClInclude Include="View\CLIView.h">
      <Filter>Header Files</Filter>
    </ClInclude>
  </ItemGroup>
</Project>